// !$*UTF8*$!
{
	archiveVersion = 1;
	classes = {
	};
	objectVersion = 50;
	objects = {

/* Begin PBXBuildFile section */
		5F45CE3A20882C4600811CBC /* AppDelegate.swift in Sources */ = {isa = PBXBuildFile; fileRef = 5F45CE3920882C4600811CBC /* AppDelegate.swift */; };
		5F45CE3C20882C4600811CBC /* ViewController.swift in Sources */ = {isa = PBXBuildFile; fileRef = 5F45CE3B20882C4600811CBC /* ViewController.swift */; };
		5F45CE3F20882C4600811CBC /* Main.storyboard in Resources */ = {isa = PBXBuildFile; fileRef = 5F45CE3D20882C4600811CBC /* Main.storyboard */; };
		5F45CE4120882C4800811CBC /* Assets.xcassets in Resources */ = {isa = PBXBuildFile; fileRef = 5F45CE4020882C4700811CBC /* Assets.xcassets */; };
		5F45CE4420882C4800811CBC /* LaunchScreen.storyboard in Resources */ = {isa = PBXBuildFile; fileRef = 5F45CE4220882C4800811CBC /* LaunchScreen.storyboard */; };
		5F45CE4C20883C2A00811CBC /* PlaneNode.swift in Sources */ = {isa = PBXBuildFile; fileRef = 5F45CE4B20883C2A00811CBC /* PlaneNode.swift */; };
		5F45CE522088775C00811CBC /* plane@3x.png in Resources */ = {isa = PBXBuildFile; fileRef = 5F45CE4F2088775C00811CBC /* plane@3x.png */; };
		5F45CE532088775C00811CBC /* plane.png in Resources */ = {isa = PBXBuildFile; fileRef = 5F45CE502088775C00811CBC /* plane.png */; };
		5F45CE542088775C00811CBC /* plane@2x.png in Resources */ = {isa = PBXBuildFile; fileRef = 5F45CE512088775C00811CBC /* plane@2x.png */; };
		5F614D35208986FF009E6137 /* gc.png in Resources */ = {isa = PBXBuildFile; fileRef = 5F614D34208986FF009E6137 /* gc.png */; };
/* End PBXBuildFile section */

/* Begin PBXFileReference section */
		5F45CE3620882C4600811CBC /* PlaneTest.app */ = {isa = PBXFileReference; explicitFileType = wrapper.application; includeInIndex = 0; path = PlaneTest.app; sourceTree = BUILT_PRODUCTS_DIR; };
		5F45CE3920882C4600811CBC /* AppDelegate.swift */ = {isa = PBXFileReference; lastKnownFileType = sourcecode.swift; path = AppDelegate.swift; sourceTree = "<group>"; };
		5F45CE3B20882C4600811CBC /* ViewController.swift */ = {isa = PBXFileReference; lastKnownFileType = sourcecode.swift; path = ViewController.swift; sourceTree = "<group>"; };
		5F45CE3E20882C4600811CBC /* Base */ = {isa = PBXFileReference; lastKnownFileType = file.storyboard; name = Base; path = Base.lproj/Main.storyboard; sourceTree = "<group>"; };
		5F45CE4020882C4700811CBC /* Assets.xcassets */ = {isa = PBXFileReference; lastKnownFileType = folder.assetcatalog; path = Assets.xcassets; sourceTree = "<group>"; };
		5F45CE4320882C4800811CBC /* Base */ = {isa = PBXFileReference; lastKnownFileType = file.storyboard; name = Base; path = Base.lproj/LaunchScreen.storyboard; sourceTree = "<group>"; };
		5F45CE4520882C4800811CBC /* Info.plist */ = {isa = PBXFileReference; lastKnownFileType = text.plist.xml; path = Info.plist; sourceTree = "<group>"; };
		5F45CE4B20883C2A00811CBC /* PlaneNode.swift */ = {isa = PBXFileReference; lastKnownFileType = sourcecode.swift; path = PlaneNode.swift; sourceTree = "<group>"; };
		5F45CE4F2088775C00811CBC /* plane@3x.png */ = {isa = PBXFileReference; lastKnownFileType = image.png; path = "plane@3x.png"; sourceTree = "<group>"; };
		5F45CE502088775C00811CBC /* plane.png */ = {isa = PBXFileReference; lastKnownFileType = image.png; path = plane.png; sourceTree = "<group>"; };
		5F45CE512088775C00811CBC /* plane@2x.png */ = {isa = PBXFileReference; lastKnownFileType = image.png; path = "plane@2x.png"; sourceTree = "<group>"; };
		5F614D34208986FF009E6137 /* gc.png */ = {isa = PBXFileReference; lastKnownFileType = image.png; path = gc.png; sourceTree = "<group>"; };
/* End PBXFileReference section */

/* Begin PBXFrameworksBuildPhase section */
		5F45CE3320882C4600811CBC /* Frameworks */ = {
			isa = PBXFrameworksBuildPhase;
			buildActionMask = 2147483647;
			files = (
			);
			runOnlyForDeploymentPostprocessing = 0;
		};
/* End PBXFrameworksBuildPhase section */

/* Begin PBXGroup section */
		5F45CE2D20882C4600811CBC = {
			isa = PBXGroup;
			children = (
				5F45CE3820882C4600811CBC /* PlaneTest */,
				5F45CE3720882C4600811CBC /* Products */,
			);
			sourceTree = "<group>";
		};
		5F45CE3720882C4600811CBC /* Products */ = {
			isa = PBXGroup;
			children = (
				5F45CE3620882C4600811CBC /* PlaneTest.app */,
			);
			name = Products;
			sourceTree = "<group>";
		};
		5F45CE3820882C4600811CBC /* PlaneTest */ = {
			isa = PBXGroup;
			children = (
				5F614D34208986FF009E6137 /* gc.png */,
				5F45CE3920882C4600811CBC /* AppDelegate.swift */,
				5F45CE3B20882C4600811CBC /* ViewController.swift */,
				5F45CE3D20882C4600811CBC /* Main.storyboard */,
				5F45CE4020882C4700811CBC /* Assets.xcassets */,
				5F45CE502088775C00811CBC /* plane.png */,
				5F45CE512088775C00811CBC /* plane@2x.png */,
				5F45CE4F2088775C00811CBC /* plane@3x.png */,
				5F45CE4220882C4800811CBC /* LaunchScreen.storyboard */,
				5F45CE4520882C4800811CBC /* Info.plist */,
				5F45CE4B20883C2A00811CBC /* PlaneNode.swift */,
			);
			path = PlaneTest;
			sourceTree = "<group>";
		};
/* End PBXGroup section */

/* Begin PBXNativeTarget section */
		5F45CE3520882C4600811CBC /* PlaneTest */ = {
			isa = PBXNativeTarget;
			buildConfigurationList = 5F45CE4820882C4800811CBC /* Build configuration list for PBXNativeTarget "PlaneTest" */;
			buildPhases = (
				5F45CE3220882C4600811CBC /* Sources */,
				5F45CE3320882C4600811CBC /* Frameworks */,
				5F45CE3420882C4600811CBC /* Resources */,
			);
			buildRules = (
			);
			dependencies = (
			);
			name = PlaneTest;
			productName = PlaneTest;
			productReference = 5F45CE3620882C4600811CBC /* PlaneTest.app */;
			productType = "com.apple.product-type.application";
		};
/* End PBXNativeTarget section */

/* Begin PBXProject section */
		5F45CE2E20882C4600811CBC /* Project object */ = {
			isa = PBXProject;
			attributes = {
				LastSwiftUpdateCheck = 0930;
				LastUpgradeCheck = 0930;
				ORGANIZATIONNAME = "Zhang xiaosong";
				TargetAttributes = {
					5F45CE3520882C4600811CBC = {
						CreatedOnToolsVersion = 9.3;
					};
				};
			};
			buildConfigurationList = 5F45CE3120882C4600811CBC /* Build configuration list for PBXProject "PlaneTest" */;
			compatibilityVersion = "Xcode 9.3";
			developmentRegion = en;
			hasScannedForEncodings = 0;
			knownRegions = (
				en,
				Base,
			);
			mainGroup = 5F45CE2D20882C4600811CBC;
			productRefGroup = 5F45CE3720882C4600811CBC /* Products */;
			projectDirPath = "";
			projectRoot = "";
			targets = (
				5F45CE3520882C4600811CBC /* PlaneTest */,
			);
		};
/* End PBXProject section */

/* Begin PBXResourcesBuildPhase section */
		5F45CE3420882C4600811CBC /* Resources */ = {
			isa = PBXResourcesBuildPhase;
			buildActionMask = 2147483647;
			files = (
				5F45CE4420882C4800811CBC /* LaunchScreen.storyboard in Resources */,
				5F45CE4120882C4800811CBC /* Assets.xcassets in Resources */,
				5F45CE532088775C00811CBC /* plane.png in Resources */,
				5F45CE522088775C00811CBC /* plane@3x.png in Resources */,
				5F614D35208986FF009E6137 /* gc.png in Resources */,
				5F45CE3F20882C4600811CBC /* Main.storyboard in Resources */,
				5F45CE542088775C00811CBC /* plane@2x.png in Resources */,
			);
			runOnlyForDeploymentPostprocessing = 0;
		};
/* End PBXResourcesBuildPhase section */

/* Begin PBXSourcesBuildPhase section */
		5F45CE3220882C4600811CBC /* Sources */ = {
			isa = PBXSourcesBuildPhase;
			buildActionMask = 2147483647;
			files = (
				5F45CE3C20882C4600811CBC /* ViewController.swift in Sources */,
				5F45CE4C20883C2A00811CBC /* PlaneNode.swift in Sources */,
				5F45CE3A20882C4600811CBC /* AppDelegate.swift in Sources */,
			);
			runOnlyForDeploymentPostprocessing = 0;
		};
/* End PBXSourcesBuildPhase section */

/* Begin PBXVariantGroup section */
		5F45CE3D20882C4600811CBC /* Main.storyboard */ = {
			isa = PBXVariantGroup;
			children = (
				5F45CE3E20882C4600811CBC /* Base */,
			);
			name = Main.storyboard;
			sourceTree = "<group>";
		};
		5F45CE4220882C4800811CBC /* LaunchScreen.storyboard */ = {
			isa = PBXVariantGroup;
			children = (
				5F45CE4320882C4800811CBC /* Base */,
			);
			name = LaunchScreen.storyboard;
			sourceTree = "<group>";
		};
/* End PBXVariantGroup section */

/* Begin XCBuildConfiguration section */
		5F45CE4620882C4800811CBC /* Debug */ = {
			isa = XCBuildConfiguration;
			buildSettings = {
				ALWAYS_SEARCH_USER_PATHS = NO;
				CLANG_ANALYZER_NONNULL = YES;
				CLANG_ANALYZER_NUMBER_OBJECT_CONVERSION = YES_AGGRESSIVE;
				CLANG_CXX_LANGUAGE_STANDARD = "gnu++14";
				CLANG_CXX_LIBRARY = "libc++";
				CLANG_ENABLE_MODULES = YES;
				CLANG_ENABLE_OBJC_ARC = YES;
				CLANG_ENABLE_OBJC_WEAK = YES;
				CLANG_WARN_BLOCK_CAPTURE_AUTORELEASING = YES;
				CLANG_WARN_BOOL_CONVERSION = YES;
				CLANG_WARN_COMMA = YES;
				CLANG_WARN_CONSTANT_CONVERSION = YES;
				CLANG_WARN_DEPRECATED_OBJC_IMPLEMENTATIONS = YES;
				CLANG_WARN_DIRECT_OBJC_ISA_USAGE = YES_ERROR;
				CLANG_WARN_DOCUMENTATION_COMMENTS = YES;
				CLANG_WARN_EMPTY_BODY = YES;
				CLANG_WARN_ENUM_CONVERSION = YES;
				CLANG_WARN_INFINITE_RECURSION = YES;
				CLANG_WARN_INT_CONVERSION = YES;
				CLANG_WARN_NON_LITERAL_NULL_CONVERSION = YES;
				CLANG_WARN_OBJC_IMPLICIT_RETAIN_SELF = YES;
				CLANG_WARN_OBJC_LITERAL_CONVERSION = YES;
				CLANG_WARN_OBJC_ROOT_CLASS = YES_ERROR;
				CLANG_WARN_RANGE_LOOP_ANALYSIS = YES;
				CLANG_WARN_STRICT_PROTOTYPES = YES;
				CLANG_WARN_SUSPICIOUS_MOVE = YES;
				CLANG_WARN_UNGUARDED_AVAILABILITY = YES_AGGRESSIVE;
				CLANG_WARN_UNREACHABLE_CODE = YES;
				CLANG_WARN__DUPLICATE_METHOD_MATCH = YES;
				CODE_SIGN_IDENTITY = "iPhone Developer";
				COPY_PHASE_STRIP = NO;
				DEBUG_INFORMATION_FORMAT = dwarf;
				ENABLE_STRICT_OBJC_MSGSEND = YES;
				ENABLE_TESTABILITY = YES;
				GCC_C_LANGUAGE_STANDARD = gnu11;
				GCC_DYNAMIC_NO_PIC = NO;
				GCC_NO_COMMON_BLOCKS = YES;
				GCC_OPTIMIZATION_LEVEL = 0;
				GCC_PREPROCESSOR_DEFINITIONS = (
					"DEBUG=1",
					"$(inherited)",
				);
				GCC_WARN_64_TO_32_BIT_CONVERSION = YES;
				GCC_WARN_ABOUT_RETURN_TYPE = YES_ERROR;
				GCC_WARN_UNDECLARED_SELECTOR = YES;
				GCC_WARN_UNINITIALIZED_AUTOS = YES_AGGRESSIVE;
				GCC_WARN_UNUSED_FUNCTION = YES;
				GCC_WARN_UNUSED_VARIABLE = YES;
				IPHONEOS_DEPLOYMENT_TARGET = 11.3;
				MTL_ENABLE_DEBUG_INFO = YES;
				ONLY_ACTIVE_ARCH = YES;
				SDKROOT = iphoneos;
				SWIFT_ACTIVE_COMPILATION_CONDITIONS = DEBUG;
				SWIFT_OPTIMIZATION_LEVEL = "-Onone";
			};
			name = Debug;
		};
		5F45CE4720882C4800811CBC /* Release */ = {
			isa = XCBuildConfiguration;
			buildSettings = {
				ALWAYS_SEARCH_USER_PATHS = NO;
				CLANG_ANALYZER_NONNULL = YES;
				CLANG_ANALYZER_NUMBER_OBJECT_CONVERSION = YES_AGGRESSIVE;
				CLANG_CXX_LANGUAGE_STANDARD = "gnu++14";
				CLANG_CXX_LIBRARY = "libc++";
				CLANG_ENABLE_MODULES = YES;
				CLANG_ENABLE_OBJC_ARC = YES;
				CLANG_ENABLE_OBJC_WEAK = YES;
				CLANG_WARN_BLOCK_CAPTURE_AUTORELEASING = YES;
				CLANG_WARN_BOOL_CONVERSION = YES;
				CLANG_WARN_COMMA = YES;
				CLANG_WARN_CONSTANT_CONVERSION = YES;
				CLANG_WARN_DEPRECATED_OBJC_IMPLEMENTATIONS = YES;
				CLANG_WARN_DIRECT_OBJC_ISA_USAGE = YES_ERROR;
				CLANG_WARN_DOCUMENTATION_COMMENTS = YES;
				CLANG_WARN_EMPTY_BODY = YES;
				CLANG_WARN_ENUM_CONVERSION = YES;
				CLANG_WARN_INFINITE_RECURSION = YES;
				CLANG_WARN_INT_CONVERSION = YES;
				CLANG_WARN_NON_LITERAL_NULL_CONVERSION = YES;
				CLANG_WARN_OBJC_IMPLICIT_RETAIN_SELF = YES;
				CLANG_WARN_OBJC_LITERAL_CONVERSION = YES;
				CLANG_WARN_OBJC_ROOT_CLASS = YES_ERROR;
				CLANG_WARN_RANGE_LOOP_ANALYSIS = YES;
				CLANG_WARN_STRICT_PROTOTYPES = YES;
				CLANG_WARN_SUSPICIOUS_MOVE = YES;
				CLANG_WARN_UNGUARDED_AVAILABILITY = YES_AGGRESSIVE;
				CLANG_WARN_UNREACHABLE_CODE = YES;
				CLANG_WARN__DUPLICATE_METHOD_MATCH = YES;
				CODE_SIGN_IDENTITY = "iPhone Developer";
				COPY_PHASE_STRIP = NO;
				DEBUG_INFORMATION_FORMAT = "dwarf-with-dsym";
				ENABLE_NS_ASSERTIONS = NO;
				ENABLE_STRICT_OBJC_MSGSEND = YES;
				GCC_C_LANGUAGE_STANDARD = gnu11;
				GCC_NO_COMMON_BLOCKS = YES;
				GCC_WARN_64_TO_32_BIT_CONVERSION = YES;
				GCC_WARN_ABOUT_RETURN_TYPE = YES_ERROR;
				GCC_WARN_UNDECLARED_SELECTOR = YES;
				GCC_WARN_UNINITIALIZED_AUTOS = YES_AGGRESSIVE;
				GCC_WARN_UNUSED_FUNCTION = YES;
				GCC_WARN_UNUSED_VARIABLE = YES;
				IPHONEOS_DEPLOYMENT_TARGET = 11.3;
				MTL_ENABLE_DEBUG_INFO = NO;
				SDKROOT = iphoneos;
				SWIFT_COMPILATION_MODE = wholemodule;
				SWIFT_OPTIMIZATION_LEVEL = "-O";
				VALIDATE_PRODUCT = YES;
			};
			name = Release;
		};
		5F45CE4920882C4800811CBC /* Debug */ = {
			isa = XCBuildConfiguration;
			buildSettings = {
				ASSETCATALOG_COMPILER_APPICON_NAME = AppIcon;
				CODE_SIGN_STYLE = Automatic;
				DEVELOPMENT_TEAM = JYRL84HER3;
				INFOPLIST_FILE = PlaneTest/Info.plist;
				LD_RUNPATH_SEARCH_PATHS = (
					"$(inherited)",
					"@executable_path/Frameworks",
				);
				PRODUCT_BUNDLE_IDENTIFIER = FS.SFa.fs.PlaneTest;
				PRODUCT_NAME = "$(TARGET_NAME)";
				SWIFT_VERSION = 4.0;
				TARGETED_DEVICE_FAMILY = 1;
			};
			name = Debug;
		};
		5F45CE4A20882C4800811CBC /* Release */ = {
			isa = XCBuildConfiguration;
			buildSettings = {
				ASSETCATALOG_COMPILER_APPICON_NAME = AppIcon;
				CODE_SIGN_STYLE = Automatic;
				DEVELOPMENT_TEAM = JYRL84HER3;
				INFOPLIST_FILE = PlaneTest/Info.plist;
				LD_RUNPATH_SEARCH_PATHS = (
					"$(inherited)",
					"@executable_path/Frameworks",
				);
				PRODUCT_BUNDLE_IDENTIFIER = FS.SFa.fs.PlaneTest;
				PRODUCT_NAME = "$(TARGET_NAME)";
				SWIFT_VERSION = 4.0;
				TARGETED_DEVICE_FAMILY = 1;
			};
			name = Release;
		};
/* End XCBuildConfiguration section */

/* Begin XCConfigurationList section */
		5F45CE3120882C4600811CBC /* Build configuration list for PBXProject "PlaneTest" */ = {
			isa = XCConfigurationList;
			buildConfigurations = (
				5F45CE4620882C4800811CBC /* Debug */,
				5F45CE4720882C4800811CBC /* Release */,
			);
			defaultConfigurationIsVisible = 0;
			defaultConfigurationName = Release;
		};
		5F45CE4820882C4800811CBC /* Build configuration list for PBXNativeTarget "PlaneTest" */ = {
			isa = XCConfigurationList;
			buildConfigurations = (
				5F45CE4920882C4800811CBC /* Debug */,
				5F45CE4A20882C4800811CBC /* Release */,
			);
			defaultConfigurationIsVisible = 0;
			defaultConfigurationName = Release;
		};
/* End XCConfigurationList section */
	};
	rootObject = 5F45CE2E20882C4600811CBC /* Project object */;
}
